
Microsoft Visual Studio Solution File, Format Version 12.00
# Visual Studio Version 17
VisualStudioVersion = 17.1.32328.378
MinimumVisualStudioVersion = 10.0.40219.1
Project("{FAE04EC0-301F-11D3-BF4B-00C04F79EFBC}") = "PlaneEncyclopedia", "PlaneEncyclopedia\PlaneEncyclopedia.csproj", "{D74C0CA7-234A-419F-84B1-08D1FCBB608B}"
EndProject
Global
	GlobalSection(SolutionConfigurationPlatforms) = preSolution
		Debug|Any CPU = Debug|Any CPU
		Release|Any CPU = Release|Any CPU
	EndGlobalSection
	GlobalSection(ProjectConfigurationPlatforms) = postSolution
		{D74C0CA7-234A-419F-84B1-08D1FCBB608B}.Debug|Any CPU.ActiveCfg = Debug|Any CPU
		{D74C0CA7-234A-419F-84B1-08D1FCBB608B}.Debug|Any CPU.Build.0 = Debug|Any CPU
		{D74C0CA7-234A-419F-84B1-08D1FCBB608B}.Release|Any CPU.ActiveCfg = Release|Any CPU
		{D74C0CA7-234A-419F-84B1-08D1FCBB608B}.Release|Any CPU.Build.0 = Release|Any CPU
	EndGlobalSection
	GlobalSection(SolutionProperties) = preSolution
		HideSolutionNode = FALSE
	EndGlobalSection
	GlobalSection(ExtensibilityGlobals) = postSolution
		SolutionGuid = {E472EB70-00A2-4F13-8040-D70205D38BDB}
	EndGlobalSection
EndGlobal
